// !$*UTF8*$!
{
	archiveVersion = 1;
	classes = {
	};
	objectVersion = 50;
	objects = {

/* Begin PBXBuildFile section */
		43865D5E2547516C00B4C3F8 /* AppDelegate.swift in Sources */ = {isa = PBXBuildFile; fileRef = 43865D5D2547516C00B4C3F8 /* AppDelegate.swift */; };
		43865D602547516C00B4C3F8 /* SceneDelegate.swift in Sources */ = {isa = PBXBuildFile; fileRef = 43865D5F2547516C00B4C3F8 /* SceneDelegate.swift */; };
		43865D652547516C00B4C3F8 /* Main.storyboard in Resources */ = {isa = PBXBuildFile; fileRef = 43865D632547516C00B4C3F8 /* Main.storyboard */; };
		43865D682547516C00B4C3F8 /* PersonalizedWeather.xcdatamodeld in Sources */ = {isa = PBXBuildFile; fileRef = 43865D662547516C00B4C3F8 /* PersonalizedWeather.xcdatamodeld */; };
		43865D6A2547517200B4C3F8 /* Assets.xcassets in Resources */ = {isa = PBXBuildFile; fileRef = 43865D692547517200B4C3F8 /* Assets.xcassets */; };
		43865D6D2547517200B4C3F8 /* LaunchScreen.storyboard in Resources */ = {isa = PBXBuildFile; fileRef = 43865D6B2547517200B4C3F8 /* LaunchScreen.storyboard */; };
		43865D76254756C700B4C3F8 /* day_image.svg in Resources */ = {isa = PBXBuildFile; fileRef = 43865D75254756C700B4C3F8 /* day_image.svg */; };
		43865D79254756CE00B4C3F8 /* night_image.svg in Resources */ = {isa = PBXBuildFile; fileRef = 43865D78254756CE00B4C3F8 /* night_image.svg */; };
		43865D7E254757EF00B4C3F8 /* WeatherViewController.swift in Sources */ = {isa = PBXBuildFile; fileRef = 43865D7D254757EF00B4C3F8 /* WeatherViewController.swift */; };
		43902CFA2547BFEA005D29D9 /* WeatherData.swift in Sources */ = {isa = PBXBuildFile; fileRef = 43902CF92547BFEA005D29D9 /* WeatherData.swift */; };
		43902CFD2547C624005D29D9 /* WeatherModel.swift in Sources */ = {isa = PBXBuildFile; fileRef = 43902CFC2547C624005D29D9 /* WeatherModel.swift */; };
		43902D032547D35D005D29D9 /* WeatherManager.swift in Sources */ = {isa = PBXBuildFile; fileRef = 43902D022547D35D005D29D9 /* WeatherManager.swift */; };
/* End PBXBuildFile section */

/* Begin PBXFileReference section */
		43865D5A2547516C00B4C3F8 /* PersonalizedWeather.app */ = {isa = PBXFileReference; explicitFileType = wrapper.application; includeInIndex = 0; path = PersonalizedWeather.app; sourceTree = BUILT_PRODUCTS_DIR; };
		43865D5D2547516C00B4C3F8 /* AppDelegate.swift */ = {isa = PBXFileReference; lastKnownFileType = sourcecode.swift; path = AppDelegate.swift; sourceTree = "<group>"; };
		43865D5F2547516C00B4C3F8 /* SceneDelegate.swift */ = {isa = PBXFileReference; lastKnownFileType = sourcecode.swift; path = SceneDelegate.swift; sourceTree = "<group>"; };
		43865D642547516C00B4C3F8 /* Base */ = {isa = PBXFileReference; lastKnownFileType = file.storyboard; name = Base; path = Base.lproj/Main.storyboard; sourceTree = "<group>"; };
		43865D672547516C00B4C3F8 /* PersonalizedWeather.xcdatamodel */ = {isa = PBXFileReference; lastKnownFileType = wrapper.xcdatamodel; path = PersonalizedWeather.xcdatamodel; sourceTree = "<group>"; };
		43865D692547517200B4C3F8 /* Assets.xcassets */ = {isa = PBXFileReference; lastKnownFileType = folder.assetcatalog; path = Assets.xcassets; sourceTree = "<group>"; };
		43865D6C2547517200B4C3F8 /* Base */ = {isa = PBXFileReference; lastKnownFileType = file.storyboard; name = Base; path = Base.lproj/LaunchScreen.storyboard; sourceTree = "<group>"; };
		43865D6E2547517200B4C3F8 /* Info.plist */ = {isa = PBXFileReference; lastKnownFileType = text.plist.xml; path = Info.plist; sourceTree = "<group>"; };
		43865D75254756C700B4C3F8 /* day_image.svg */ = {isa = PBXFileReference; fileEncoding = 4; lastKnownFileType = text; path = day_image.svg; sourceTree = "<group>"; };
		43865D78254756CE00B4C3F8 /* night_image.svg */ = {isa = PBXFileReference; fileEncoding = 4; lastKnownFileType = text; path = night_image.svg; sourceTree = "<group>"; };
		43865D7D254757EF00B4C3F8 /* WeatherViewController.swift */ = {isa = PBXFileReference; lastKnownFileType = sourcecode.swift; path = WeatherViewController.swift; sourceTree = "<group>"; };
		43902CF92547BFEA005D29D9 /* WeatherData.swift */ = {isa = PBXFileReference; lastKnownFileType = sourcecode.swift; path = WeatherData.swift; sourceTree = "<group>"; };
		43902CFC2547C624005D29D9 /* WeatherModel.swift */ = {isa = PBXFileReference; lastKnownFileType = sourcecode.swift; path = WeatherModel.swift; sourceTree = "<group>"; };
		43902D022547D35D005D29D9 /* WeatherManager.swift */ = {isa = PBXFileReference; lastKnownFileType = sourcecode.swift; path = WeatherManager.swift; sourceTree = "<group>"; };
/* End PBXFileReference section */

/* Begin PBXFrameworksBuildPhase section */
		43865D572547516C00B4C3F8 /* Frameworks */ = {
			isa = PBXFrameworksBuildPhase;
			buildActionMask = 2147483647;
			files = (
			);
			runOnlyForDeploymentPostprocessing = 0;
		};
/* End PBXFrameworksBuildPhase section */

/* Begin PBXGroup section */
		43865D512547516C00B4C3F8 = {
			isa = PBXGroup;
			children = (
				43865D5C2547516C00B4C3F8 /* PersonalizedWeather */,
				43865D5B2547516C00B4C3F8 /* Products */,
			);
			sourceTree = "<group>";
		};
		43865D5B2547516C00B4C3F8 /* Products */ = {
			isa = PBXGroup;
			children = (
				43865D5A2547516C00B4C3F8 /* PersonalizedWeather.app */,
			);
			name = Products;
			sourceTree = "<group>";
		};
		43865D5C2547516C00B4C3F8 /* PersonalizedWeather */ = {
			isa = PBXGroup;
			children = (
				43865D5D2547516C00B4C3F8 /* AppDelegate.swift */,
				43865D5F2547516C00B4C3F8 /* SceneDelegate.swift */,
				43902CFC2547C624005D29D9 /* WeatherModel.swift */,
				43902CF92547BFEA005D29D9 /* WeatherData.swift */,
				43865D80254757F900B4C3F8 /* Controller */,
				43865D632547516C00B4C3F8 /* Main.storyboard */,
				43865D692547517200B4C3F8 /* Assets.xcassets */,
				43865D6B2547517200B4C3F8 /* LaunchScreen.storyboard */,
				43865D6E2547517200B4C3F8 /* Info.plist */,
				43865D662547516C00B4C3F8 /* PersonalizedWeather.xcdatamodeld */,
				43865D75254756C700B4C3F8 /* day_image.svg */,
				43865D78254756CE00B4C3F8 /* night_image.svg */,
			);
			path = PersonalizedWeather;
			sourceTree = "<group>";
		};
		43865D80254757F900B4C3F8 /* Controller */ = {
			isa = PBXGroup;
			children = (
				43865D7D254757EF00B4C3F8 /* WeatherViewController.swift */,
				43902D022547D35D005D29D9 /* WeatherManager.swift */,
			);
			path = Controller;
			sourceTree = "<group>";
		};
/* End PBXGroup section */

/* Begin PBXNativeTarget section */
		43865D592547516C00B4C3F8 /* PersonalizedWeather */ = {
			isa = PBXNativeTarget;
			buildConfigurationList = 43865D712547517200B4C3F8 /* Build configuration list for PBXNativeTarget "PersonalizedWeather" */;
			buildPhases = (
				43865D562547516C00B4C3F8 /* Sources */,
				43865D572547516C00B4C3F8 /* Frameworks */,
				43865D582547516C00B4C3F8 /* Resources */,
			);
			buildRules = (
			);
			dependencies = (
			);
			name = PersonalizedWeather;
			productName = PersonalizedWeather;
			productReference = 43865D5A2547516C00B4C3F8 /* PersonalizedWeather.app */;
			productType = "com.apple.product-type.application";
		};
/* End PBXNativeTarget section */

/* Begin PBXProject section */
		43865D522547516C00B4C3F8 /* Project object */ = {
			isa = PBXProject;
			attributes = {
				LastSwiftUpdateCheck = 1210;
				LastUpgradeCheck = 1210;
				TargetAttributes = {
					43865D592547516C00B4C3F8 = {
						CreatedOnToolsVersion = 12.1;
					};
				};
			};
			buildConfigurationList = 43865D552547516C00B4C3F8 /* Build configuration list for PBXProject "PersonalizedWeather" */;
			compatibilityVersion = "Xcode 9.3";
			developmentRegion = en;
			hasScannedForEncodings = 0;
			knownRegions = (
				en,
				Base,
			);
			mainGroup = 43865D512547516C00B4C3F8;
			productRefGroup = 43865D5B2547516C00B4C3F8 /* Products */;
			projectDirPath = "";
			projectRoot = "";
			targets = (
				43865D592547516C00B4C3F8 /* PersonalizedWeather */,
			);
		};
/* End PBXProject section */

/* Begin PBXResourcesBuildPhase section */
		43865D582547516C00B4C3F8 /* Resources */ = {
			isa = PBXResourcesBuildPhase;
			buildActionMask = 2147483647;
			files = (
				43865D6D2547517200B4C3F8 /* LaunchScreen.storyboard in Resources */,
				43865D6A2547517200B4C3F8 /* Assets.xcassets in Resources */,
				43865D76254756C700B4C3F8 /* day_image.svg in Resources */,
				43865D652547516C00B4C3F8 /* Main.storyboard in Resources */,
				43865D79254756CE00B4C3F8 /* night_image.svg in Resources */,
			);
			runOnlyForDeploymentPostprocessing = 0;
		};
/* End PBXResourcesBuildPhase section */

/* Begin PBXSourcesBuildPhase section */
		43865D562547516C00B4C3F8 /* Sources */ = {
			isa = PBXSourcesBuildPhase;
			buildActionMask = 2147483647;
			files = (
				43865D682547516C00B4C3F8 /* PersonalizedWeather.xcdatamodeld in Sources */,
				43865D7E254757EF00B4C3F8 /* WeatherViewController.swift in Sources */,
				43902CFD2547C624005D29D9 /* WeatherModel.swift in Sources */,
				43902D032547D35D005D29D9 /* WeatherManager.swift in Sources */,
				43865D5E2547516C00B4C3F8 /* AppDelegate.swift in Sources */,
				43902CFA2547BFEA005D29D9 /* WeatherData.swift in Sources */,
				43865D602547516C00B4C3F8 /* SceneDelegate.swift in Sources */,
			);
			runOnlyForDeploymentPostprocessing = 0;
		};
/* End PBXSourcesBuildPhase section */

/* Begin PBXVariantGroup section */
		43865D632547516C00B4C3F8 /* Main.storyboard */ = {
			isa = PBXVariantGroup;
			children = (
				43865D642547516C00B4C3F8 /* Base */,
			);
			name = Main.storyboard;
			sourceTree = "<group>";
		};
		43865D6B2547517200B4C3F8 /* LaunchScreen.storyboard */ = {
			isa = PBXVariantGroup;
			children = (
				43865D6C2547517200B4C3F8 /* Base */,
			);
			name = LaunchScreen.storyboard;
			sourceTree = "<group>";
		};
/* End PBXVariantGroup section */

/* Begin XCBuildConfiguration section */
		43865D6F2547517200B4C3F8 /* Debug */ = {
			isa = XCBuildConfiguration;
			buildSettings = {
				ALWAYS_SEARCH_USER_PATHS = NO;
				CLANG_ANALYZER_NONNULL = YES;
				CLANG_ANALYZER_NUMBER_OBJECT_CONVERSION = YES_AGGRESSIVE;
				CLANG_CXX_LANGUAGE_STANDARD = "gnu++14";
				CLANG_CXX_LIBRARY = "libc++";
				CLANG_ENABLE_MODULES = YES;
				CLANG_ENABLE_OBJC_ARC = YES;
				CLANG_ENABLE_OBJC_WEAK = YES;
				CLANG_WARN_BLOCK_CAPTURE_AUTORELEASING = YES;
				CLANG_WARN_BOOL_CONVERSION = YES;
				CLANG_WARN_COMMA = YES;
				CLANG_WARN_CONSTANT_CONVERSION = YES;
				CLANG_WARN_DEPRECATED_OBJC_IMPLEMENTATIONS = YES;
				CLANG_WARN_DIRECT_OBJC_ISA_USAGE = YES_ERROR;
				CLANG_WARN_DOCUMENTATION_COMMENTS = YES;
				CLANG_WARN_EMPTY_BODY = YES;
				CLANG_WARN_ENUM_CONVERSION = YES;
				CLANG_WARN_INFINITE_RECURSION = YES;
				CLANG_WARN_INT_CONVERSION = YES;
				CLANG_WARN_NON_LITERAL_NULL_CONVERSION = YES;
				CLANG_WARN_OBJC_IMPLICIT_RETAIN_SELF = YES;
				CLANG_WARN_OBJC_LITERAL_CONVERSION = YES;
				CLANG_WARN_OBJC_ROOT_CLASS = YES_ERROR;
				CLANG_WARN_QUOTED_INCLUDE_IN_FRAMEWORK_HEADER = YES;
				CLANG_WARN_RANGE_LOOP_ANALYSIS = YES;
				CLANG_WARN_STRICT_PROTOTYPES = YES;
				CLANG_WARN_SUSPICIOUS_MOVE = YES;
				CLANG_WARN_UNGUARDED_AVAILABILITY = YES_AGGRESSIVE;
				CLANG_WARN_UNREACHABLE_CODE = YES;
				CLANG_WARN__DUPLICATE_METHOD_MATCH = YES;
				COPY_PHASE_STRIP = NO;
				DEBUG_INFORMATION_FORMAT = dwarf;
				ENABLE_STRICT_OBJC_MSGSEND = YES;
				ENABLE_TESTABILITY = YES;
				GCC_C_LANGUAGE_STANDARD = gnu11;
				GCC_DYNAMIC_NO_PIC = NO;
				GCC_NO_COMMON_BLOCKS = YES;
				GCC_OPTIMIZATION_LEVEL = 0;
				GCC_PREPROCESSOR_DEFINITIONS = (
					"DEBUG=1",
					"$(inherited)",
				);
				GCC_WARN_64_TO_32_BIT_CONVERSION = YES;
				GCC_WARN_ABOUT_RETURN_TYPE = YES_ERROR;
				GCC_WARN_UNDECLARED_SELECTOR = YES;
				GCC_WARN_UNINITIALIZED_AUTOS = YES_AGGRESSIVE;
				GCC_WARN_UNUSED_FUNCTION = YES;
				GCC_WARN_UNUSED_VARIABLE = YES;
				IPHONEOS_DEPLOYMENT_TARGET = 14.1;
				MTL_ENABLE_DEBUG_INFO = INCLUDE_SOURCE;
				MTL_FAST_MATH = YES;
				ONLY_ACTIVE_ARCH = YES;
				SDKROOT = iphoneos;
				SWIFT_ACTIVE_COMPILATION_CONDITIONS = DEBUG;
				SWIFT_OPTIMIZATION_LEVEL = "-Onone";
			};
			name = Debug;
		};
		43865D702547517200B4C3F8 /* Release */ = {
			isa = XCBuildConfiguration;
			buildSettings = {
				ALWAYS_SEARCH_USER_PATHS = NO;
				CLANG_ANALYZER_NONNULL = YES;
				CLANG_ANALYZER_NUMBER_OBJECT_CONVERSION = YES_AGGRESSIVE;
				CLANG_CXX_LANGUAGE_STANDARD = "gnu++14";
				CLANG_CXX_LIBRARY = "libc++";
				CLANG_ENABLE_MODULES = YES;
				CLANG_ENABLE_OBJC_ARC = YES;
				CLANG_ENABLE_OBJC_WEAK = YES;
				CLANG_WARN_BLOCK_CAPTURE_AUTORELEASING = YES;
				CLANG_WARN_BOOL_CONVERSION = YES;
				CLANG_WARN_COMMA = YES;
				CLANG_WARN_CONSTANT_CONVERSION = YES;
				CLANG_WARN_DEPRECATED_OBJC_IMPLEMENTATIONS = YES;
				CLANG_WARN_DIRECT_OBJC_ISA_USAGE = YES_ERROR;
				CLANG_WARN_DOCUMENTATION_COMMENTS = YES;
				CLANG_WARN_EMPTY_BODY = YES;
				CLANG_WARN_ENUM_CONVERSION = YES;
				CLANG_WARN_INFINITE_RECURSION = YES;
				CLANG_WARN_INT_CONVERSION = YES;
				CLANG_WARN_NON_LITERAL_NULL_CONVERSION = YES;
				CLANG_WARN_OBJC_IMPLICIT_RETAIN_SELF = YES;
				CLANG_WARN_OBJC_LITERAL_CONVERSION = YES;
				CLANG_WARN_OBJC_ROOT_CLASS = YES_ERROR;
				CLANG_WARN_QUOTED_INCLUDE_IN_FRAMEWORK_HEADER = YES;
				CLANG_WARN_RANGE_LOOP_ANALYSIS = YES;
				CLANG_WARN_STRICT_PROTOTYPES = YES;
				CLANG_WARN_SUSPICIOUS_MOVE = YES;
				CLANG_WARN_UNGUARDED_AVAILABILITY = YES_AGGRESSIVE;
				CLANG_WARN_UNREACHABLE_CODE = YES;
				CLANG_WARN__DUPLICATE_METHOD_MATCH = YES;
				COPY_PHASE_STRIP = NO;
				DEBUG_INFORMATION_FORMAT = "dwarf-with-dsym";
				ENABLE_NS_ASSERTIONS = NO;
				ENABLE_STRICT_OBJC_MSGSEND = YES;
				GCC_C_LANGUAGE_STANDARD = gnu11;
				GCC_NO_COMMON_BLOCKS = YES;
				GCC_WARN_64_TO_32_BIT_CONVERSION = YES;
				GCC_WARN_ABOUT_RETURN_TYPE = YES_ERROR;
				GCC_WARN_UNDECLARED_SELECTOR = YES;
				GCC_WARN_UNINITIALIZED_AUTOS = YES_AGGRESSIVE;
				GCC_WARN_UNUSED_FUNCTION = YES;
				GCC_WARN_UNUSED_VARIABLE = YES;
				IPHONEOS_DEPLOYMENT_TARGET = 14.1;
				MTL_ENABLE_DEBUG_INFO = NO;
				MTL_FAST_MATH = YES;
				SDKROOT = iphoneos;
				SWIFT_COMPILATION_MODE = wholemodule;
				SWIFT_OPTIMIZATION_LEVEL = "-O";
				VALIDATE_PRODUCT = YES;
			};
			name = Release;
		};
		43865D722547517200B4C3F8 /* Debug */ = {
			isa = XCBuildConfiguration;
			buildSettings = {
				ASSETCATALOG_COMPILER_APPICON_NAME = AppIcon;
				ASSETCATALOG_COMPILER_GLOBAL_ACCENT_COLOR_NAME = AccentColor;
				CODE_SIGN_STYLE = Automatic;
				DEVELOPMENT_TEAM = 42YBZZURTJ;
				INFOPLIST_FILE = PersonalizedWeather/Info.plist;
				IPHONEOS_DEPLOYMENT_TARGET = 14.0;
				LD_RUNPATH_SEARCH_PATHS = (
					"$(inherited)",
					"@executable_path/Frameworks",
				);
				PRODUCT_BUNDLE_IDENTIFIER = com.bunz.PersonalizedWeather;
				PRODUCT_NAME = "$(TARGET_NAME)";
				SWIFT_VERSION = 5.0;
				TARGETED_DEVICE_FAMILY = "1,2";
			};
			name = Debug;
		};
		43865D732547517200B4C3F8 /* Release */ = {
			isa = XCBuildConfiguration;
			buildSettings = {
				ASSETCATALOG_COMPILER_APPICON_NAME = AppIcon;
				ASSETCATALOG_COMPILER_GLOBAL_ACCENT_COLOR_NAME = AccentColor;
				CODE_SIGN_STYLE = Automatic;
				DEVELOPMENT_TEAM = 42YBZZURTJ;
				INFOPLIST_FILE = PersonalizedWeather/Info.plist;
				IPHONEOS_DEPLOYMENT_TARGET = 14.0;
				LD_RUNPATH_SEARCH_PATHS = (
					"$(inherited)",
					"@executable_path/Frameworks",
				);
				PRODUCT_BUNDLE_IDENTIFIER = com.bunz.PersonalizedWeather;
				PRODUCT_NAME = "$(TARGET_NAME)";
				SWIFT_VERSION = 5.0;
				TARGETED_DEVICE_FAMILY = "1,2";
			};
			name = Release;
		};
/* End XCBuildConfiguration section */

/* Begin XCConfigurationList section */
		43865D552547516C00B4C3F8 /* Build configuration list for PBXProject "PersonalizedWeather" */ = {
			isa = XCConfigurationList;
			buildConfigurations = (
				43865D6F2547517200B4C3F8 /* Debug */,
				43865D702547517200B4C3F8 /* Release */,
			);
			defaultConfigurationIsVisible = 0;
			defaultConfigurationName = Release;
		};
		43865D712547517200B4C3F8 /* Build configuration list for PBXNativeTarget "PersonalizedWeather" */ = {
			isa = XCConfigurationList;
			buildConfigurations = (
				43865D722547517200B4C3F8 /* Debug */,
				43865D732547517200B4C3F8 /* Release */,
			);
			defaultConfigurationIsVisible = 0;
			defaultConfigurationName = Release;
		};
/* End XCConfigurationList section */

/* Begin XCVersionGroup section */
		43865D662547516C00B4C3F8 /* PersonalizedWeather.xcdatamodeld */ = {
			isa = XCVersionGroup;
			children = (
				43865D672547516C00B4C3F8 /* PersonalizedWeather.xcdatamodel */,
			);
			currentVersion = 43865D672547516C00B4C3F8 /* PersonalizedWeather.xcdatamodel */;
			path = PersonalizedWeather.xcdatamodeld;
			sourceTree = "<group>";
			versionGroupType = wrapper.xcdatamodel;
		};
/* End XCVersionGroup section */
	};
	rootObject = 43865D522547516C00B4C3F8 /* Project object */;
}
